
Microsoft Visual Studio Solution File, Format Version 12.00
# Visual Studio Version 17
VisualStudioVersion = 17.13.35919.96 d17.13
MinimumVisualStudioVersion = 10.0.40219.1
Project("{FAE04EC0-301F-11D3-BF4B-00C04F79EFBC}") = "ReqnrollProject2", "ReqnrollProject2.csproj", "{87675B60-AA4C-4205-8FC1-EA6260CBB257}"
EndProject
Global
	GlobalSection(SolutionConfigurationPlatforms) = preSolution
		Debug|Any CPU = Debug|Any CPU
		Release|Any CPU = Release|Any CPU
	EndGlobalSection
	GlobalSection(ProjectConfigurationPlatforms) = postSolution
		{87675B60-AA4C-4205-8FC1-EA6260CBB257}.Debug|Any CPU.ActiveCfg = Debug|Any CPU
		{87675B60-AA4C-4205-8FC1-EA6260CBB257}.Debug|Any CPU.Build.0 = Debug|Any CPU
		{87675B60-AA4C-4205-8FC1-EA6260CBB257}.Release|Any CPU.ActiveCfg = Release|Any CPU
		{87675B60-AA4C-4205-8FC1-EA6260CBB257}.Release|Any CPU.Build.0 = Release|Any CPU
	EndGlobalSection
	GlobalSection(SolutionProperties) = preSolution
		HideSolutionNode = FALSE
	EndGlobalSection
	GlobalSection(ExtensibilityGlobals) = postSolution
		SolutionGuid = {C3A2202A-5C9E-451C-9EF4-9D974660516C}
	EndGlobalSection
EndGlobal
